schema: '2.0'
stages:
  prepare:
    cmd: python src/prepare.py
    deps:
    - path: src/prepare.py
      hash: md5
      md5: 6721d2559901f8b03886d0f96ceaec50
      size: 549
    outs:
    - path: data/raw
      hash: md5
      md5: ce8685a23dfdb9d880edfa3a578e7adc.dir
      size: 30869925
      nfiles: 1
  preprocess:
    cmd: python src/preprocess.py
    deps:
    - path: data/raw
      hash: md5
      md5: ce8685a23dfdb9d880edfa3a578e7adc.dir
      size: 30869925
      nfiles: 1
    - path: src/preprocess.py
      hash: md5
      md5: d2bd8743beac7686f79ab035af4aab1a
      size: 1065
    params:
      params.yaml:
        preprocess.seed: 42
        preprocess.val_size: 0.1
    outs:
    - path: data/processed
      hash: md5
      md5: 3ae5fc5e946bd637d1e2b57032019fe1.dir
      size: 44119056
      nfiles: 1
  train:
    cmd: python src/train.py
    deps:
    - path: data/processed
      hash: md5
      md5: 3ae5fc5e946bd637d1e2b57032019fe1.dir
      size: 44119056
      nfiles: 1
    - path: src/train.py
      hash: md5
      md5: 12c40fb318ea66f90613855bf6f42b9f
      size: 1295
    params:
      params.yaml:
        train:
          dense_units: 256
          dropout_rate: 0.2
          learning_rate: 0.001
          epochs: 15
          batch_size: 128
          seed: 42
    outs:
    - path: models/history.csv
      hash: md5
      md5: 506e133e3a575b857593810306b54ec4
      size: 1243
    - path: models/model.h5
      hash: md5
      md5: 738d06e54c9a289dcd107e827b0db7ac
      size: 2466904
  evaluate:
    cmd: python src/evaluate.py
    deps:
    - path: data/processed
      hash: md5
      md5: 3ae5fc5e946bd637d1e2b57032019fe1.dir
      size: 44119056
      nfiles: 1
    - path: models/model.h5
      hash: md5
      md5: 738d06e54c9a289dcd107e827b0db7ac
      size: 2466904
    - path: src/evaluate.py
      hash: md5
      md5: d73bbfc4b00a5c7e8072964d2e431048
      size: 1300
    outs:
    - path: metrics.json
      hash: md5
      md5: be98791ebe0b17ae390ca7e5e951f229
      size: 79
    - path: reports/confusion_matrix.png
      hash: md5
      md5: 51b5f52994bf159a81940badd69428b2
      size: 72767
